
Microsoft Visual Studio Solution File, Format Version 12.00
# Visual Studio Version 17
VisualStudioVersion = 17.4.33213.308
MinimumVisualStudioVersion = 10.0.40219.1
Project("{FAE04EC0-301F-11D3-BF4B-00C04F79EFBC}") = "modbus_server", "modbus_server\modbus_server.csproj", "{AAE339FE-C714-4470-9C92-E9EA5E400036}"
EndProject
Global
	GlobalSection(SolutionConfigurationPlatforms) = preSolution
		Debug|Any CPU = Debug|Any CPU
		Release|Any CPU = Release|Any CPU
	EndGlobalSection
	GlobalSection(ProjectConfigurationPlatforms) = postSolution
		{AAE339FE-C714-4470-9C92-E9EA5E400036}.Debug|Any CPU.ActiveCfg = Debug|Any CPU
		{AAE339FE-C714-4470-9C92-E9EA5E400036}.Debug|Any CPU.Build.0 = Debug|Any CPU
		{AAE339FE-C714-4470-9C92-E9EA5E400036}.Release|Any CPU.ActiveCfg = Release|Any CPU
		{AAE339FE-C714-4470-9C92-E9EA5E400036}.Release|Any CPU.Build.0 = Release|Any CPU
	EndGlobalSection
	GlobalSection(SolutionProperties) = preSolution
		HideSolutionNode = FALSE
	EndGlobalSection
	GlobalSection(ExtensibilityGlobals) = postSolution
		SolutionGuid = {841758F1-C9F6-4355-8381-728AD3C887E5}
	EndGlobalSection
EndGlobal
